
Microsoft Visual Studio Solution File, Format Version 12.00
# Visual Studio Version 17
VisualStudioVersion = 17.7.34031.279
MinimumVisualStudioVersion = 10.0.40219.1
Project("{FAE04EC0-301F-11D3-BF4B-00C04F79EFBC}") = "MyFramework", "MyFramework.csproj", "{2A3E88C7-92A3-4D81-A36C-21656092A08C}"
EndProject
Project("{FAE04EC0-301F-11D3-BF4B-00C04F79EFBC}") = "NewCalculator", "..\NewCalculator\NewCalculator.csproj", "{C820505E-F414-4A66-B2C1-6989A168E7C1}"
EndProject
Global
	GlobalSection(SolutionConfigurationPlatforms) = preSolution
		Debug|Any CPU = Debug|Any CPU
		Release|Any CPU = Release|Any CPU
	EndGlobalSection
	GlobalSection(ProjectConfigurationPlatforms) = postSolution
		{2A3E88C7-92A3-4D81-A36C-21656092A08C}.Debug|Any CPU.ActiveCfg = Debug|Any CPU
		{2A3E88C7-92A3-4D81-A36C-21656092A08C}.Debug|Any CPU.Build.0 = Debug|Any CPU
		{2A3E88C7-92A3-4D81-A36C-21656092A08C}.Release|Any CPU.ActiveCfg = Release|Any CPU
		{2A3E88C7-92A3-4D81-A36C-21656092A08C}.Release|Any CPU.Build.0 = Release|Any CPU
		{C820505E-F414-4A66-B2C1-6989A168E7C1}.Debug|Any CPU.ActiveCfg = Debug|Any CPU
		{C820505E-F414-4A66-B2C1-6989A168E7C1}.Debug|Any CPU.Build.0 = Debug|Any CPU
		{C820505E-F414-4A66-B2C1-6989A168E7C1}.Release|Any CPU.ActiveCfg = Release|Any CPU
		{C820505E-F414-4A66-B2C1-6989A168E7C1}.Release|Any CPU.Build.0 = Release|Any CPU
	EndGlobalSection
	GlobalSection(SolutionProperties) = preSolution
		HideSolutionNode = FALSE
	EndGlobalSection
	GlobalSection(ExtensibilityGlobals) = postSolution
		SolutionGuid = {8B17E4BC-E50A-4640-98C2-410924068468}
	EndGlobalSection
EndGlobal
